
Microsoft Visual Studio Solution File, Format Version 12.00
# Visual Studio 15
VisualStudioVersion = 15.0.28010.2041
MinimumVisualStudioVersion = 10.0.40219.1
Project("{FAE04EC0-301F-11D3-BF4B-00C04F79EFBC}") = "Language", "Language\Language.csproj", "{BD5147C9-3BB4-4B1E-8A13-405FE2381330}"
EndProject
Project("{FAE04EC0-301F-11D3-BF4B-00C04F79EFBC}") = "LanguageImplementation", "LanguageImplementation\LanguageImplementation.csproj", "{66917410-F054-4D8E-9FBD-155BB1D4AE14}"
	ProjectSection(ProjectDependencies) = postProject
		{BD5147C9-3BB4-4B1E-8A13-405FE2381330} = {BD5147C9-3BB4-4B1E-8A13-405FE2381330}
	EndProjectSection
EndProject
Project("{FAE04EC0-301F-11D3-BF4B-00C04F79EFBC}") = "CloacaInterpreter", "CloacaInterpreter\CloacaInterpreter.csproj", "{D78EF7CF-40D2-47AD-84E2-D90E5088309A}"
EndProject
Project("{FAE04EC0-301F-11D3-BF4B-00C04F79EFBC}") = "CloacaTests", "CloacaTests\CloacaTests.csproj", "{8EDF4429-251A-416D-BB68-93F227191BCF}"
EndProject
Project("{FAE04EC0-301F-11D3-BF4B-00C04F79EFBC}") = "InterpreterWaiting", "InterpreterWaiting\InterpreterWaiting.csproj", "{7449273B-70F1-42D3-9623-BD2DDAC0F717}"
EndProject
Project("{FAE04EC0-301F-11D3-BF4B-00C04F79EFBC}") = "InterpreterDebugger", "InterpreterDebugger\InterpreterDebugger.csproj", "{2E76CAC0-2516-4C5B-A1B3-7B850BA9C893}"
EndProject
Project("{FAE04EC0-301F-11D3-BF4B-00C04F79EFBC}") = "LibREPL", "LibREPL-master\LibREPL\LibREPL.csproj", "{97D256C9-E2C7-4FCC-A14A-1180D05726B8}"
EndProject
Project("{FAE04EC0-301F-11D3-BF4B-00C04F79EFBC}") = "ExampleREPL", "LibREPL-master\ExampleREPL\ExampleREPL.csproj", "{C24F9225-F7A9-4544-ACFC-F5263D9A1BCE}"
EndProject
Global
	GlobalSection(SolutionConfigurationPlatforms) = preSolution
		Debug|Any CPU = Debug|Any CPU
		Release|Any CPU = Release|Any CPU
	EndGlobalSection
	GlobalSection(ProjectConfigurationPlatforms) = postSolution
		{BD5147C9-3BB4-4B1E-8A13-405FE2381330}.Debug|Any CPU.ActiveCfg = Debug|Any CPU
		{BD5147C9-3BB4-4B1E-8A13-405FE2381330}.Debug|Any CPU.Build.0 = Debug|Any CPU
		{BD5147C9-3BB4-4B1E-8A13-405FE2381330}.Release|Any CPU.ActiveCfg = Release|Any CPU
		{BD5147C9-3BB4-4B1E-8A13-405FE2381330}.Release|Any CPU.Build.0 = Release|Any CPU
		{66917410-F054-4D8E-9FBD-155BB1D4AE14}.Debug|Any CPU.ActiveCfg = Debug|Any CPU
		{66917410-F054-4D8E-9FBD-155BB1D4AE14}.Debug|Any CPU.Build.0 = Debug|Any CPU
		{66917410-F054-4D8E-9FBD-155BB1D4AE14}.Release|Any CPU.ActiveCfg = Release|Any CPU
		{66917410-F054-4D8E-9FBD-155BB1D4AE14}.Release|Any CPU.Build.0 = Release|Any CPU
		{D78EF7CF-40D2-47AD-84E2-D90E5088309A}.Debug|Any CPU.ActiveCfg = Debug|Any CPU
		{D78EF7CF-40D2-47AD-84E2-D90E5088309A}.Debug|Any CPU.Build.0 = Debug|Any CPU
		{D78EF7CF-40D2-47AD-84E2-D90E5088309A}.Release|Any CPU.ActiveCfg = Release|Any CPU
		{D78EF7CF-40D2-47AD-84E2-D90E5088309A}.Release|Any CPU.Build.0 = Release|Any CPU
		{8EDF4429-251A-416D-BB68-93F227191BCF}.Debug|Any CPU.ActiveCfg = Debug|Any CPU
		{8EDF4429-251A-416D-BB68-93F227191BCF}.Debug|Any CPU.Build.0 = Debug|Any CPU
		{8EDF4429-251A-416D-BB68-93F227191BCF}.Release|Any CPU.ActiveCfg = Release|Any CPU
		{8EDF4429-251A-416D-BB68-93F227191BCF}.Release|Any CPU.Build.0 = Release|Any CPU
		{7449273B-70F1-42D3-9623-BD2DDAC0F717}.Debug|Any CPU.ActiveCfg = Debug|Any CPU
		{7449273B-70F1-42D3-9623-BD2DDAC0F717}.Debug|Any CPU.Build.0 = Debug|Any CPU
		{7449273B-70F1-42D3-9623-BD2DDAC0F717}.Release|Any CPU.ActiveCfg = Release|Any CPU
		{7449273B-70F1-42D3-9623-BD2DDAC0F717}.Release|Any CPU.Build.0 = Release|Any CPU
		{2E76CAC0-2516-4C5B-A1B3-7B850BA9C893}.Debug|Any CPU.ActiveCfg = Debug|Any CPU
		{2E76CAC0-2516-4C5B-A1B3-7B850BA9C893}.Debug|Any CPU.Build.0 = Debug|Any CPU
		{2E76CAC0-2516-4C5B-A1B3-7B850BA9C893}.Release|Any CPU.ActiveCfg = Release|Any CPU
		{2E76CAC0-2516-4C5B-A1B3-7B850BA9C893}.Release|Any CPU.Build.0 = Release|Any CPU
		{97D256C9-E2C7-4FCC-A14A-1180D05726B8}.Debug|Any CPU.ActiveCfg = Debug|Any CPU
		{97D256C9-E2C7-4FCC-A14A-1180D05726B8}.Debug|Any CPU.Build.0 = Debug|Any CPU
		{97D256C9-E2C7-4FCC-A14A-1180D05726B8}.Release|Any CPU.ActiveCfg = Release|Any CPU
		{97D256C9-E2C7-4FCC-A14A-1180D05726B8}.Release|Any CPU.Build.0 = Release|Any CPU
		{C24F9225-F7A9-4544-ACFC-F5263D9A1BCE}.Debug|Any CPU.ActiveCfg = Debug|Any CPU
		{C24F9225-F7A9-4544-ACFC-F5263D9A1BCE}.Debug|Any CPU.Build.0 = Debug|Any CPU
		{C24F9225-F7A9-4544-ACFC-F5263D9A1BCE}.Release|Any CPU.ActiveCfg = Release|Any CPU
		{C24F9225-F7A9-4544-ACFC-F5263D9A1BCE}.Release|Any CPU.Build.0 = Release|Any CPU
	EndGlobalSection
	GlobalSection(SolutionProperties) = preSolution
		HideSolutionNode = FALSE
	EndGlobalSection
	GlobalSection(ExtensibilityGlobals) = postSolution
		SolutionGuid = {971A8BBC-10FA-4368-8236-23618C6B6C32}
	EndGlobalSection
EndGlobal
